
Microsoft Visual Studio Solution File, Format Version 12.00
# Visual Studio Version 17
VisualStudioVersion = 17.8.34309.116
MinimumVisualStudioVersion = 10.0.40219.1
Project("{9A19103F-16F7-4668-BE54-9A1E7A4F7556}") = "CalculatorApp", "CalculatorApp\CalculatorApp.csproj", "{A0CF07A3-517A-41D1-8DDC-FCC3026F32AE}"
EndProject
Project("{9A19103F-16F7-4668-BE54-9A1E7A4F7556}") = "CalculatorAppUnitTest", "CalculatorAppUnitTest\CalculatorAppUnitTest.csproj", "{23DFA895-CA71-47C2-B323-8CC51FB1FE2D}"
EndProject
Project("{2150E333-8FDC-42A3-9474-1A3956D46DE8}") = "Solution Items", "Solution Items", "{FFF73D4F-7199-41E9-8864-FD523ADD611D}"
	ProjectSection(SolutionItems) = preProject
		README.md = README.md
	EndProjectSection
EndProject
Global
	GlobalSection(SolutionConfigurationPlatforms) = preSolution
		Debug|Any CPU = Debug|Any CPU
		Release|Any CPU = Release|Any CPU
	EndGlobalSection
	GlobalSection(ProjectConfigurationPlatforms) = postSolution
		{A0CF07A3-517A-41D1-8DDC-FCC3026F32AE}.Debug|Any CPU.ActiveCfg = Debug|Any CPU
		{A0CF07A3-517A-41D1-8DDC-FCC3026F32AE}.Debug|Any CPU.Build.0 = Debug|Any CPU
		{A0CF07A3-517A-41D1-8DDC-FCC3026F32AE}.Release|Any CPU.ActiveCfg = Release|Any CPU
		{A0CF07A3-517A-41D1-8DDC-FCC3026F32AE}.Release|Any CPU.Build.0 = Release|Any CPU
		{23DFA895-CA71-47C2-B323-8CC51FB1FE2D}.Debug|Any CPU.ActiveCfg = Debug|Any CPU
		{23DFA895-CA71-47C2-B323-8CC51FB1FE2D}.Debug|Any CPU.Build.0 = Debug|Any CPU
		{23DFA895-CA71-47C2-B323-8CC51FB1FE2D}.Release|Any CPU.ActiveCfg = Release|Any CPU
		{23DFA895-CA71-47C2-B323-8CC51FB1FE2D}.Release|Any CPU.Build.0 = Release|Any CPU
	EndGlobalSection
	GlobalSection(SolutionProperties) = preSolution
		HideSolutionNode = FALSE
	EndGlobalSection
	GlobalSection(ExtensibilityGlobals) = postSolution
		SolutionGuid = {B9EF1532-AE61-4FAE-9689-B2F7FB1FC4E8}
	EndGlobalSection
EndGlobal
